<?xml version="1.0" encoding="utf-8"?>
<Project ToolsVersion="4.0" xmlns="http://schemas.microsoft.com/developer/msbuild/2003">
  <ItemGroup>
    <Filter Include="Source Files">
      <UniqueIdentifier>{4FC737F1-C7A5-4376-A066-2A32D752A2FF}</UniqueIdentifier>
      <Extensions>cpp;c;cc;cxx;c++;cppm;ixx;def;odl;idl;hpj;bat;asm;asmx</Extensions>
    </Filter>
    <Filter Include="Header Files">
      <UniqueIdentifier>{93995380-89BD-4b04-88EB-625FBE52EBFB}</UniqueIdentifier>
      <Extensions>h;hh;hpp;hxx;h++;hm;inl;inc;ipp;xsd</Extensions>
    </Filter>
    <Filter Include="Resource Files">
      <UniqueIdentifier>{67DA6AB6-F800-4c08-8B7A-83BB121AAD01}</UniqueIdentifier>
      <Extensions>rc;ico;cur;bmp;dlg;rc2;rct;bin;rgs;gif;jpg;jpeg;jpe;resx;tiff;tif;png;wav;mfcribbon-ms</Extensions>
    </Filter>
  </ItemGroup>
  <ItemGroup>
    <ClCompile Include="main.cpp">
      <Filter>Source Files</Filter>
    </ClCompile>
    <ClCompile Include="defpoint.cpp">
      <Filter>Source Files</Filter>
    </ClCompile>
    <ClCompile Include="testpointsize.cpp">
      <Filter>Source Files</Filter>
    </ClCompile>
    <ClCompile Include="testpoint.cpp">
      <Filter>Source Files</Filter>
    </ClCompile>
    <ClCompile Include="testpoint2.cpp">
      <Filter>Source Files</Filter>
    </ClCompile>
    <ClCompile Include="constpoint.cpp">
      <Filter>Source Files</Filter>
    </ClCompile>
    <ClCompile Include="PointAndVector.cpp">
      <Filter>Source Files</Filter>
    </ClCompile>
    <ClCompile Include="DynAllo.cpp">
      <Filter>Source Files</Filter>
    </ClCompile>
    <ClCompile Include="reference.cpp">
      <Filter>Source Files</Filter>
    </ClCompile>
  </ItemGroup>
  <ItemGroup>
    <ClInclude Include="defpoint.h">
      <Filter>Header Files</Filter>
    </ClInclude>
    <ClInclude Include="testpointsize.h">
      <Filter>Header Files</Filter>
    </ClInclude>
    <ClInclude Include="testpoint.h">
      <Filter>Header Files</Filter>
    </ClInclude>
    <ClInclude Include="testpoint2.h">
      <Filter>Header Files</Filter>
    </ClInclude>
    <ClInclude Include="constpoint.h">
      <Filter>Header Files</Filter>
    </ClInclude>
    <ClInclude Include="PointAndVector.h">
      <Filter>Header Files</Filter>
    </ClInclude>
    <ClInclude Include="dynalloc.h">
      <Filter>Header Files</Filter>
    </ClInclude>
    <ClInclude Include="refer.h">
      <Filter>Header Files</Filter>
    </ClInclude>
  </ItemGroup>
</Project>